
Microsoft Visual Studio Solution File, Format Version 12.00
# Visual Studio 2012
Project("{8BC9CEB8-8B4A-11D0-8D11-00A0C91BC942}") = "GLFWDemoEngine", "GLFWEngine\GLFWDemoEngine.vcxproj", "{8F89C062-D9CD-4B43-9985-4C125169C8BB}"
EndProject
Global
	GlobalSection(SolutionConfigurationPlatforms) = preSolution
		Debug|Win32 = Debug|Win32
		Release|Win32 = Release|Win32
	EndGlobalSection
	GlobalSection(ProjectConfigurationPlatforms) = postSolution
		{8F89C062-D9CD-4B43-9985-4C125169C8BB}.Debug|Win32.ActiveCfg = Debug|Win32
		{8F89C062-D9CD-4B43-9985-4C125169C8BB}.Debug|Win32.Build.0 = Debug|Win32
		{8F89C062-D9CD-4B43-9985-4C125169C8BB}.Release|Win32.ActiveCfg = Release|Win32
		{8F89C062-D9CD-4B43-9985-4C125169C8BB}.Release|Win32.Build.0 = Release|Win32
	EndGlobalSection
	GlobalSection(SolutionProperties) = preSolution
		HideSolutionNode = FALSE
	EndGlobalSection
EndGlobal
